
Microsoft Visual Studio Solution File, Format Version 12.00
# Visual Studio 15
VisualStudioVersion = 15.0.28307.1022
MinimumVisualStudioVersion = 10.0.40219.1
Project("{FAE04EC0-301F-11D3-BF4B-00C04F79EFBC}") = "dieuphaphuongling", "DieuPhap_HL\dieuphaphuongling.csproj", "{3CD67D61-EF10-4F0F-A8AE-35E2EF1CBF3B}"
EndProject
Global
	GlobalSection(SolutionConfigurationPlatforms) = preSolution
		Debug|Any CPU = Debug|Any CPU
		Release|Any CPU = Release|Any CPU
	EndGlobalSection
	GlobalSection(ProjectConfigurationPlatforms) = postSolution
		{3CD67D61-EF10-4F0F-A8AE-35E2EF1CBF3B}.Debug|Any CPU.ActiveCfg = Debug|Any CPU
		{3CD67D61-EF10-4F0F-A8AE-35E2EF1CBF3B}.Debug|Any CPU.Build.0 = Debug|Any CPU
		{3CD67D61-EF10-4F0F-A8AE-35E2EF1CBF3B}.Release|Any CPU.ActiveCfg = Release|Any CPU
		{3CD67D61-EF10-4F0F-A8AE-35E2EF1CBF3B}.Release|Any CPU.Build.0 = Release|Any CPU
	EndGlobalSection
	GlobalSection(SolutionProperties) = preSolution
		HideSolutionNode = FALSE
	EndGlobalSection
	GlobalSection(ExtensibilityGlobals) = postSolution
		SolutionGuid = {26A84D71-98FD-4131-9B5D-29CC85E6F0E5}
	EndGlobalSection
EndGlobal
